
Microsoft Visual Studio Solution File, Format Version 12.00
# Visual Studio Version 17
VisualStudioVersion = 17.0.32014.148
MinimumVisualStudioVersion = 10.0.40219.1
Project("{FAE04EC0-301F-11D3-BF4B-00C04F79EFBC}") = "m7_final", "m7_final\m7_final.csproj", "{B62AC841-A052-4E7F-8449-5345D13C3869}"
EndProject
Global
	GlobalSection(SolutionConfigurationPlatforms) = preSolution
		Debug|Any CPU = Debug|Any CPU
		Release|Any CPU = Release|Any CPU
	EndGlobalSection
	GlobalSection(ProjectConfigurationPlatforms) = postSolution
		{B62AC841-A052-4E7F-8449-5345D13C3869}.Debug|Any CPU.ActiveCfg = Debug|Any CPU
		{B62AC841-A052-4E7F-8449-5345D13C3869}.Debug|Any CPU.Build.0 = Debug|Any CPU
		{B62AC841-A052-4E7F-8449-5345D13C3869}.Release|Any CPU.ActiveCfg = Release|Any CPU
		{B62AC841-A052-4E7F-8449-5345D13C3869}.Release|Any CPU.Build.0 = Release|Any CPU
	EndGlobalSection
	GlobalSection(SolutionProperties) = preSolution
		HideSolutionNode = FALSE
	EndGlobalSection
	GlobalSection(ExtensibilityGlobals) = postSolution
		SolutionGuid = {B49D0F8A-E394-4F81-BBE3-2E99708D074B}
	EndGlobalSection
EndGlobal
